
Microsoft Visual Studio Solution File, Format Version 12.00
# Visual Studio Version 17
VisualStudioVersion = 17.7.34202.233
MinimumVisualStudioVersion = 10.0.40219.1
Project("{9A19103F-16F7-4668-BE54-9A1E7A4F7556}") = "Task Manager SOA Assignmnet 1", "TaskManager\Task Manager SOA Assignmnet 1.csproj", "{EB0307DB-9F1D-4BCF-B8CF-2C86560836A2}"
EndProject
Global
	GlobalSection(SolutionConfigurationPlatforms) = preSolution
		Debug|Any CPU = Debug|Any CPU
		Release|Any CPU = Release|Any CPU
	EndGlobalSection
	GlobalSection(ProjectConfigurationPlatforms) = postSolution
		{EB0307DB-9F1D-4BCF-B8CF-2C86560836A2}.Debug|Any CPU.ActiveCfg = Debug|Any CPU
		{EB0307DB-9F1D-4BCF-B8CF-2C86560836A2}.Debug|Any CPU.Build.0 = Debug|Any CPU
		{EB0307DB-9F1D-4BCF-B8CF-2C86560836A2}.Release|Any CPU.ActiveCfg = Release|Any CPU
		{EB0307DB-9F1D-4BCF-B8CF-2C86560836A2}.Release|Any CPU.Build.0 = Release|Any CPU
	EndGlobalSection
	GlobalSection(SolutionProperties) = preSolution
		HideSolutionNode = FALSE
	EndGlobalSection
	GlobalSection(ExtensibilityGlobals) = postSolution
		SolutionGuid = {472E2F80-BB19-4CE1-A301-D43E904E902B}
	EndGlobalSection
EndGlobal
